
Microsoft Visual Studio Solution File, Format Version 12.00
# Visual Studio Version 17
VisualStudioVersion = 17.0.31903.59
MinimumVisualStudioVersion = 10.0.40219.1
Project("{9A19103F-16F7-4668-BE54-9A1E7A4F7556}") = "API", "API\API.csproj", "{4D1E9239-EBC5-4E93-9D7D-14A945E03F3E}"
EndProject
Project("{FAE04EC0-301F-11D3-BF4B-00C04F79EFBC}") = "Core", "Core\Core.csproj", "{F5AB43A8-CBDC-429A-878F-127BBF8F59F3}"
EndProject
Project("{FAE04EC0-301F-11D3-BF4B-00C04F79EFBC}") = "Infrastructure", "Infrastructure\Infrastructure.csproj", "{14927BB1-CD51-4260-8AFE-9AE98CA88E05}"
EndProject
Global
	GlobalSection(SolutionConfigurationPlatforms) = preSolution
		Debug|Any CPU = Debug|Any CPU
		Release|Any CPU = Release|Any CPU
	EndGlobalSection
	GlobalSection(ProjectConfigurationPlatforms) = postSolution
		{4D1E9239-EBC5-4E93-9D7D-14A945E03F3E}.Debug|Any CPU.ActiveCfg = Debug|Any CPU
		{4D1E9239-EBC5-4E93-9D7D-14A945E03F3E}.Debug|Any CPU.Build.0 = Debug|Any CPU
		{4D1E9239-EBC5-4E93-9D7D-14A945E03F3E}.Release|Any CPU.ActiveCfg = Release|Any CPU
		{4D1E9239-EBC5-4E93-9D7D-14A945E03F3E}.Release|Any CPU.Build.0 = Release|Any CPU
		{F5AB43A8-CBDC-429A-878F-127BBF8F59F3}.Debug|Any CPU.ActiveCfg = Debug|Any CPU
		{F5AB43A8-CBDC-429A-878F-127BBF8F59F3}.Debug|Any CPU.Build.0 = Debug|Any CPU
		{F5AB43A8-CBDC-429A-878F-127BBF8F59F3}.Release|Any CPU.ActiveCfg = Release|Any CPU
		{F5AB43A8-CBDC-429A-878F-127BBF8F59F3}.Release|Any CPU.Build.0 = Release|Any CPU
		{14927BB1-CD51-4260-8AFE-9AE98CA88E05}.Debug|Any CPU.ActiveCfg = Debug|Any CPU
		{14927BB1-CD51-4260-8AFE-9AE98CA88E05}.Debug|Any CPU.Build.0 = Debug|Any CPU
		{14927BB1-CD51-4260-8AFE-9AE98CA88E05}.Release|Any CPU.ActiveCfg = Release|Any CPU
		{14927BB1-CD51-4260-8AFE-9AE98CA88E05}.Release|Any CPU.Build.0 = Release|Any CPU
	EndGlobalSection
	GlobalSection(SolutionProperties) = preSolution
		HideSolutionNode = FALSE
	EndGlobalSection
	GlobalSection(ExtensibilityGlobals) = postSolution
		SolutionGuid = {58C5268B-79DE-4E10-856D-586C6043C5FE}
	EndGlobalSection
EndGlobal
