
Microsoft Visual Studio Solution File, Format Version 12.00
# Visual Studio Version 17
VisualStudioVersion = 17.0.31903.59
MinimumVisualStudioVersion = 10.0.40219.1
Project("{9A19103F-16F7-4668-BE54-9A1E7A4F7556}") = "API", "src\API\API.csproj", "{C367D964-5A43-46F4-B4DE-28BAE5DC575E}"
EndProject
Project("{9A19103F-16F7-4668-BE54-9A1E7A4F7556}") = "Infrastructure", "src\Infrastructure\Infrastructure.csproj", "{9511D669-5ECA-4038-B72E-A9AADF8A4569}"
EndProject
Project("{9A19103F-16F7-4668-BE54-9A1E7A4F7556}") = "Core", "src\Core\Core.csproj", "{7510CD68-24F0-4CE6-BC1E-4918A3077605}"
EndProject
Project("{2150E333-8FDC-42A3-9474-1A3956D46DE8}") = "src", "src", "{3720886B-7A0B-425D-A5E7-A76218FF8EF1}"
EndProject
Global
	GlobalSection(SolutionConfigurationPlatforms) = preSolution
		Debug|Any CPU = Debug|Any CPU
		Release|Any CPU = Release|Any CPU
	EndGlobalSection
	GlobalSection(ProjectConfigurationPlatforms) = postSolution
		{C367D964-5A43-46F4-B4DE-28BAE5DC575E}.Debug|Any CPU.ActiveCfg = Debug|Any CPU
		{C367D964-5A43-46F4-B4DE-28BAE5DC575E}.Debug|Any CPU.Build.0 = Debug|Any CPU
		{C367D964-5A43-46F4-B4DE-28BAE5DC575E}.Release|Any CPU.ActiveCfg = Release|Any CPU
		{C367D964-5A43-46F4-B4DE-28BAE5DC575E}.Release|Any CPU.Build.0 = Release|Any CPU
		{9511D669-5ECA-4038-B72E-A9AADF8A4569}.Debug|Any CPU.ActiveCfg = Debug|Any CPU
		{9511D669-5ECA-4038-B72E-A9AADF8A4569}.Debug|Any CPU.Build.0 = Debug|Any CPU
		{9511D669-5ECA-4038-B72E-A9AADF8A4569}.Release|Any CPU.ActiveCfg = Release|Any CPU
		{9511D669-5ECA-4038-B72E-A9AADF8A4569}.Release|Any CPU.Build.0 = Release|Any CPU
		{7510CD68-24F0-4CE6-BC1E-4918A3077605}.Debug|Any CPU.ActiveCfg = Debug|Any CPU
		{7510CD68-24F0-4CE6-BC1E-4918A3077605}.Debug|Any CPU.Build.0 = Debug|Any CPU
		{7510CD68-24F0-4CE6-BC1E-4918A3077605}.Release|Any CPU.ActiveCfg = Release|Any CPU
		{7510CD68-24F0-4CE6-BC1E-4918A3077605}.Release|Any CPU.Build.0 = Release|Any CPU
	EndGlobalSection
	GlobalSection(SolutionProperties) = preSolution
		HideSolutionNode = FALSE
	EndGlobalSection
	GlobalSection(NestedProjects) = preSolution
		{C367D964-5A43-46F4-B4DE-28BAE5DC575E} = {3720886B-7A0B-425D-A5E7-A76218FF8EF1}
		{9511D669-5ECA-4038-B72E-A9AADF8A4569} = {3720886B-7A0B-425D-A5E7-A76218FF8EF1}
		{7510CD68-24F0-4CE6-BC1E-4918A3077605} = {3720886B-7A0B-425D-A5E7-A76218FF8EF1}
	EndGlobalSection
	GlobalSection(ExtensibilityGlobals) = postSolution
		SolutionGuid = {58C5268B-79DE-4E10-856D-586C6043C5FE}
	EndGlobalSection
EndGlobal
